
Microsoft Visual Studio Solution File, Format Version 11.00
# Visual Studio 2010
Project("{54435603-DBB4-11D2-8724-00A0C9A8B90C}") = "Setup1", "Setup1\Setup1.vdproj", "{51CE8C6E-41CE-41BA-922C-25BCBA31B42F}"
EndProject
Global
	GlobalSection(SolutionConfigurationPlatforms) = preSolution
		Debug|Default = Debug|Default
		Release|Default = Release|Default
	EndGlobalSection
	GlobalSection(ProjectConfigurationPlatforms) = postSolution
		{51CE8C6E-41CE-41BA-922C-25BCBA31B42F}.Debug|Default.ActiveCfg = Debug
		{51CE8C6E-41CE-41BA-922C-25BCBA31B42F}.Debug|Default.Build.0 = Debug
		{51CE8C6E-41CE-41BA-922C-25BCBA31B42F}.Release|Default.ActiveCfg = Release
		{51CE8C6E-41CE-41BA-922C-25BCBA31B42F}.Release|Default.Build.0 = Release
	EndGlobalSection
	GlobalSection(SolutionProperties) = preSolution
		HideSolutionNode = FALSE
	EndGlobalSection
EndGlobal
